// !$*UTF8*$!
{
	archiveVersion = 1;
	classes = {
	};
	objectVersion = 46;
	objects = {

/* Begin PBXBuildFile section */
		2A3E6D3B1E35D3F2008F423A /* HomeResponse.swift in Sources */ = {isa = PBXBuildFile; fileRef = 2A3E6D3A1E35D3F2008F423A /* HomeResponse.swift */; };
		2A3E6D3C1E35E481008F423A /* Home in Resources */ = {isa = PBXBuildFile; fileRef = 2A992A971E35AC710094C46B /* Home */; };
		2A3E6D3E1E3716A7008F423A /* HomeBannerViewCollectionReusableView.swift in Sources */ = {isa = PBXBuildFile; fileRef = 2A3E6D3D1E3716A7008F423A /* HomeBannerViewCollectionReusableView.swift */; };
		2A4756CA1E2F507500B59D39 /* HomeViewController.swift in Sources */ = {isa = PBXBuildFile; fileRef = 2A4756C91E2F507500B59D39 /* HomeViewController.swift */; };
		2A4756CC1E2F512500B59D39 /* GoodDriverViewController.swift in Sources */ = {isa = PBXBuildFile; fileRef = 2A4756CB1E2F512500B59D39 /* GoodDriverViewController.swift */; };
		2A4756CE1E2F513400B59D39 /* MyViewController.swift in Sources */ = {isa = PBXBuildFile; fileRef = 2A4756CD1E2F513400B59D39 /* MyViewController.swift */; };
		2A4756DB1E30998300B59D39 /* ZYConstants.swift in Sources */ = {isa = PBXBuildFile; fileRef = 2A4756DA1E30998300B59D39 /* ZYConstants.swift */; };
		2A51608B1E4463B40093249F /* SimpleStoryboard.storyboard in Resources */ = {isa = PBXBuildFile; fileRef = 2A51608A1E4463B40093249F /* SimpleStoryboard.storyboard */; };
		2A51608D1E455FF40093249F /* BaseViewController.swift in Sources */ = {isa = PBXBuildFile; fileRef = 2A51608C1E455FF40093249F /* BaseViewController.swift */; };
		2A6E2BFCAE7B422208698205 /* Pods_Baby.framework in Frameworks */ = {isa = PBXBuildFile; fileRef = 5698B3A2720CA054B215BB7E /* Pods_Baby.framework */; };
		2A7A61AB1E388CBB00E658F2 /* AttertationViewController.swift in Sources */ = {isa = PBXBuildFile; fileRef = 2A7A61AA1E388CBB00E658F2 /* AttertationViewController.swift */; };
		2A992A8C1E348E170094C46B /* HomeCollectionViewCell.swift in Sources */ = {isa = PBXBuildFile; fileRef = 2A992A8B1E348E170094C46B /* HomeCollectionViewCell.swift */; };
		2A992A961E359EF00094C46B /* ZYCoreUtils.swift in Sources */ = {isa = PBXBuildFile; fileRef = 2A992A951E359EEF0094C46B /* ZYCoreUtils.swift */; };
		2AE7DD461E48096C003D278F /* DiscountCalculatorViewController.swift in Sources */ = {isa = PBXBuildFile; fileRef = 2AE7DD451E48096C003D278F /* DiscountCalculatorViewController.swift */; };
		2AE7DD4A1E4856CE003D278F /* DiscountCalculatorTableViewCell.swift in Sources */ = {isa = PBXBuildFile; fileRef = 2AE7DD491E4856CE003D278F /* DiscountCalculatorTableViewCell.swift */; };
		2AF86E521E2F36D100A8EB0C /* AppDelegate.swift in Sources */ = {isa = PBXBuildFile; fileRef = 2AF86E511E2F36D100A8EB0C /* AppDelegate.swift */; };
		2AF86E591E2F36D100A8EB0C /* Assets.xcassets in Resources */ = {isa = PBXBuildFile; fileRef = 2AF86E581E2F36D100A8EB0C /* Assets.xcassets */; };
		2AF86E5C1E2F36D100A8EB0C /* LaunchScreen.storyboard in Resources */ = {isa = PBXBuildFile; fileRef = 2AF86E5A1E2F36D100A8EB0C /* LaunchScreen.storyboard */; };
		2AF86E641E2F37B300A8EB0C /* MainViewController.swift in Sources */ = {isa = PBXBuildFile; fileRef = 2AF86E631E2F37B300A8EB0C /* MainViewController.swift */; };
/* End PBXBuildFile section */

/* Begin PBXFileReference section */
		1049CA7F40B4F42A4F4EDF65 /* Pods-Baby.release.xcconfig */ = {isa = PBXFileReference; includeInIndex = 1; lastKnownFileType = text.xcconfig; name = "Pods-Baby.release.xcconfig"; path = "Pods/Target Support Files/Pods-Baby/Pods-Baby.release.xcconfig"; sourceTree = "<group>"; };
		2A3E6D3A1E35D3F2008F423A /* HomeResponse.swift */ = {isa = PBXFileReference; fileEncoding = 4; lastKnownFileType = sourcecode.swift; path = HomeResponse.swift; sourceTree = "<group>"; };
		2A3E6D3D1E3716A7008F423A /* HomeBannerViewCollectionReusableView.swift */ = {isa = PBXFileReference; fileEncoding = 4; lastKnownFileType = sourcecode.swift; path = HomeBannerViewCollectionReusableView.swift; sourceTree = "<group>"; };
		2A4756C91E2F507500B59D39 /* HomeViewController.swift */ = {isa = PBXFileReference; fileEncoding = 4; lastKnownFileType = sourcecode.swift; path = HomeViewController.swift; sourceTree = "<group>"; };
		2A4756CB1E2F512500B59D39 /* GoodDriverViewController.swift */ = {isa = PBXFileReference; fileEncoding = 4; lastKnownFileType = sourcecode.swift; path = GoodDriverViewController.swift; sourceTree = "<group>"; };
		2A4756CD1E2F513400B59D39 /* MyViewController.swift */ = {isa = PBXFileReference; fileEncoding = 4; lastKnownFileType = sourcecode.swift; path = MyViewController.swift; sourceTree = "<group>"; };
		2A4756DA1E30998300B59D39 /* ZYConstants.swift */ = {isa = PBXFileReference; fileEncoding = 4; lastKnownFileType = sourcecode.swift; path = ZYConstants.swift; sourceTree = "<group>"; };
		2A51608A1E4463B40093249F /* SimpleStoryboard.storyboard */ = {isa = PBXFileReference; fileEncoding = 4; lastKnownFileType = file.storyboard; path = SimpleStoryboard.storyboard; sourceTree = "<group>"; };
		2A51608C1E455FF40093249F /* BaseViewController.swift */ = {isa = PBXFileReference; fileEncoding = 4; lastKnownFileType = sourcecode.swift; path = BaseViewController.swift; sourceTree = "<group>"; };
		2A7A61AA1E388CBB00E658F2 /* AttertationViewController.swift */ = {isa = PBXFileReference; fileEncoding = 4; lastKnownFileType = sourcecode.swift; path = AttertationViewController.swift; sourceTree = "<group>"; };
		2A8369CF1E34583A0099E36C /* Baby-Bridging-Header.h */ = {isa = PBXFileReference; lastKnownFileType = sourcecode.c.h; path = "Baby-Bridging-Header.h"; sourceTree = "<group>"; };
		2A992A8B1E348E170094C46B /* HomeCollectionViewCell.swift */ = {isa = PBXFileReference; fileEncoding = 4; lastKnownFileType = sourcecode.swift; path = HomeCollectionViewCell.swift; sourceTree = "<group>"; };
		2A992A951E359EEF0094C46B /* ZYCoreUtils.swift */ = {isa = PBXFileReference; fileEncoding = 4; lastKnownFileType = sourcecode.swift; path = ZYCoreUtils.swift; sourceTree = "<group>"; };
		2A992A971E35AC710094C46B /* Home */ = {isa = PBXFileReference; lastKnownFileType = text; path = Home; sourceTree = "<group>"; };
		2AE7DD451E48096C003D278F /* DiscountCalculatorViewController.swift */ = {isa = PBXFileReference; fileEncoding = 4; lastKnownFileType = sourcecode.swift; path = DiscountCalculatorViewController.swift; sourceTree = "<group>"; };
		2AE7DD491E4856CE003D278F /* DiscountCalculatorTableViewCell.swift */ = {isa = PBXFileReference; fileEncoding = 4; lastKnownFileType = sourcecode.swift; path = DiscountCalculatorTableViewCell.swift; sourceTree = "<group>"; };
		2AF86E4E1E2F36D100A8EB0C /* Baby.app */ = {isa = PBXFileReference; explicitFileType = wrapper.application; includeInIndex = 0; path = Baby.app; sourceTree = BUILT_PRODUCTS_DIR; };
		2AF86E511E2F36D100A8EB0C /* AppDelegate.swift */ = {isa = PBXFileReference; lastKnownFileType = sourcecode.swift; path = AppDelegate.swift; sourceTree = "<group>"; };
		2AF86E581E2F36D100A8EB0C /* Assets.xcassets */ = {isa = PBXFileReference; lastKnownFileType = folder.assetcatalog; path = Assets.xcassets; sourceTree = "<group>"; };
		2AF86E5B1E2F36D100A8EB0C /* Base */ = {isa = PBXFileReference; lastKnownFileType = file.storyboard; name = Base; path = Base.lproj/LaunchScreen.storyboard; sourceTree = "<group>"; };
		2AF86E5D1E2F36D100A8EB0C /* Info.plist */ = {isa = PBXFileReference; lastKnownFileType = text.plist.xml; path = Info.plist; sourceTree = "<group>"; };
		2AF86E631E2F37B300A8EB0C /* MainViewController.swift */ = {isa = PBXFileReference; fileEncoding = 4; lastKnownFileType = sourcecode.swift; path = MainViewController.swift; sourceTree = "<group>"; };
		2FE830845316454A4D71BD67 /* Pods-Baby.debug.xcconfig */ = {isa = PBXFileReference; includeInIndex = 1; lastKnownFileType = text.xcconfig; name = "Pods-Baby.debug.xcconfig"; path = "Pods/Target Support Files/Pods-Baby/Pods-Baby.debug.xcconfig"; sourceTree = "<group>"; };
		5698B3A2720CA054B215BB7E /* Pods_Baby.framework */ = {isa = PBXFileReference; explicitFileType = wrapper.framework; includeInIndex = 0; path = Pods_Baby.framework; sourceTree = BUILT_PRODUCTS_DIR; };
/* End PBXFileReference section */

/* Begin PBXFrameworksBuildPhase section */
		2AF86E4B1E2F36D100A8EB0C /* Frameworks */ = {
			isa = PBXFrameworksBuildPhase;
			buildActionMask = 2147483647;
			files = (
				2A6E2BFCAE7B422208698205 /* Pods_Baby.framework in Frameworks */,
			);
			runOnlyForDeploymentPostprocessing = 0;
		};
/* End PBXFrameworksBuildPhase section */

/* Begin PBXGroup section */
		1BDD6EE110BD0A8CBF6B5D37 /* Frameworks */ = {
			isa = PBXGroup;
			children = (
				5698B3A2720CA054B215BB7E /* Pods_Baby.framework */,
			);
			name = Frameworks;
			sourceTree = "<group>";
		};
		2A4756D31E2F63B200B59D39 /* Vendors */ = {
			isa = PBXGroup;
			children = (
			);
			name = Vendors;
			sourceTree = "<group>";
		};
		2A4756D41E2F63BC00B59D39 /* Model */ = {
			isa = PBXGroup;
			children = (
				2A992A971E35AC710094C46B /* Home */,
				2A3E6D3A1E35D3F2008F423A /* HomeResponse.swift */,
			);
			name = Model;
			sourceTree = "<group>";
		};
		2A4756D51E2F63C300B59D39 /* Service */ = {
			isa = PBXGroup;
			children = (
			);
			name = Service;
			sourceTree = "<group>";
		};
		2A4756D61E2F63CB00B59D39 /* General */ = {
			isa = PBXGroup;
			children = (
				2A4756DA1E30998300B59D39 /* ZYConstants.swift */,
				2A992A951E359EEF0094C46B /* ZYCoreUtils.swift */,
				2A51608C1E455FF40093249F /* BaseViewController.swift */,
			);
			name = General;
			sourceTree = "<group>";
		};
		2A4756D71E2F63D900B59D39 /* Core */ = {
			isa = PBXGroup;
			children = (
			);
			name = Core;
			sourceTree = "<group>";
		};
		2A4756D81E2F63DF00B59D39 /* ViewController */ = {
			isa = PBXGroup;
			children = (
				2A4756C91E2F507500B59D39 /* HomeViewController.swift */,
				2A7A61AA1E388CBB00E658F2 /* AttertationViewController.swift */,
				2AE7DD451E48096C003D278F /* DiscountCalculatorViewController.swift */,
			);
			name = ViewController;
			sourceTree = "<group>";
		};
		2A4756D91E2F648500B59D39 /* View */ = {
			isa = PBXGroup;
			children = (
				2A3E6D3D1E3716A7008F423A /* HomeBannerViewCollectionReusableView.swift */,
				2A992A8B1E348E170094C46B /* HomeCollectionViewCell.swift */,
				2AE7DD491E4856CE003D278F /* DiscountCalculatorTableViewCell.swift */,
			);
			name = View;
			sourceTree = "<group>";
		};
		2AF86E451E2F36D100A8EB0C = {
			isa = PBXGroup;
			children = (
				2AF86E501E2F36D100A8EB0C /* Baby */,
				2AF86E4F1E2F36D100A8EB0C /* Products */,
				E371AF35821CA4AC5602ADD4 /* Pods */,
				1BDD6EE110BD0A8CBF6B5D37 /* Frameworks */,
			);
			sourceTree = "<group>";
		};
		2AF86E4F1E2F36D100A8EB0C /* Products */ = {
			isa = PBXGroup;
			children = (
				2AF86E4E1E2F36D100A8EB0C /* Baby.app */,
			);
			name = Products;
			sourceTree = "<group>";
		};
		2AF86E501E2F36D100A8EB0C /* Baby */ = {
			isa = PBXGroup;
			children = (
				2A4756D41E2F63BC00B59D39 /* Model */,
				2A4756D91E2F648500B59D39 /* View */,
				2A4756D81E2F63DF00B59D39 /* ViewController */,
				2A4756D71E2F63D900B59D39 /* Core */,
				2A4756D61E2F63CB00B59D39 /* General */,
				2A4756D51E2F63C300B59D39 /* Service */,
				2A4756D31E2F63B200B59D39 /* Vendors */,
				2AF86E511E2F36D100A8EB0C /* AppDelegate.swift */,
				2AF86E631E2F37B300A8EB0C /* MainViewController.swift */,
				2A4756CB1E2F512500B59D39 /* GoodDriverViewController.swift */,
				2A4756CD1E2F513400B59D39 /* MyViewController.swift */,
				2A8369CF1E34583A0099E36C /* Baby-Bridging-Header.h */,
				2AF86E581E2F36D100A8EB0C /* Assets.xcassets */,
				2AF86E5A1E2F36D100A8EB0C /* LaunchScreen.storyboard */,
				2A51608A1E4463B40093249F /* SimpleStoryboard.storyboard */,
				2AF86E5D1E2F36D100A8EB0C /* Info.plist */,
			);
			path = Baby;
			sourceTree = "<group>";
		};
		E371AF35821CA4AC5602ADD4 /* Pods */ = {
			isa = PBXGroup;
			children = (
				2FE830845316454A4D71BD67 /* Pods-Baby.debug.xcconfig */,
				1049CA7F40B4F42A4F4EDF65 /* Pods-Baby.release.xcconfig */,
			);
			name = Pods;
			sourceTree = "<group>";
		};
/* End PBXGroup section */

/* Begin PBXNativeTarget section */
		2AF86E4D1E2F36D100A8EB0C /* Baby */ = {
			isa = PBXNativeTarget;
			buildConfigurationList = 2AF86E601E2F36D100A8EB0C /* Build configuration list for PBXNativeTarget "Baby" */;
			buildPhases = (
				FD8CBE7C527927868BA40C3D /* [CP] Check Pods Manifest.lock */,
				2AF86E4A1E2F36D100A8EB0C /* Sources */,
				2AF86E4B1E2F36D100A8EB0C /* Frameworks */,
				2AF86E4C1E2F36D100A8EB0C /* Resources */,
				920441A1C0D9230E4F158598 /* [CP] Embed Pods Frameworks */,
				8897CFD2617E3AACDD6A26AA /* [CP] Copy Pods Resources */,
			);
			buildRules = (
			);
			dependencies = (
			);
			name = Baby;
			productName = Baby;
			productReference = 2AF86E4E1E2F36D100A8EB0C /* Baby.app */;
			productType = "com.apple.product-type.application";
		};
/* End PBXNativeTarget section */

/* Begin PBXProject section */
		2AF86E461E2F36D100A8EB0C /* Project object */ = {
			isa = PBXProject;
			attributes = {
				LastSwiftUpdateCheck = 0810;
				LastUpgradeCheck = 0810;
				ORGANIZATIONNAME = ZhangYu;
				TargetAttributes = {
					2AF86E4D1E2F36D100A8EB0C = {
						CreatedOnToolsVersion = 8.1;
						DevelopmentTeam = 59CT6J5PF6;
						LastSwiftMigration = 0810;
						ProvisioningStyle = Automatic;
					};
				};
			};
			buildConfigurationList = 2AF86E491E2F36D100A8EB0C /* Build configuration list for PBXProject "Baby" */;
			compatibilityVersion = "Xcode 3.2";
			developmentRegion = English;
			hasScannedForEncodings = 0;
			knownRegions = (
				en,
				Base,
			);
			mainGroup = 2AF86E451E2F36D100A8EB0C;
			productRefGroup = 2AF86E4F1E2F36D100A8EB0C /* Products */;
			projectDirPath = "";
			projectRoot = "";
			targets = (
				2AF86E4D1E2F36D100A8EB0C /* Baby */,
			);
		};
/* End PBXProject section */

/* Begin PBXResourcesBuildPhase section */
		2AF86E4C1E2F36D100A8EB0C /* Resources */ = {
			isa = PBXResourcesBuildPhase;
			buildActionMask = 2147483647;
			files = (
				2AF86E5C1E2F36D100A8EB0C /* LaunchScreen.storyboard in Resources */,
				2A51608B1E4463B40093249F /* SimpleStoryboard.storyboard in Resources */,
				2A3E6D3C1E35E481008F423A /* Home in Resources */,
				2AF86E591E2F36D100A8EB0C /* Assets.xcassets in Resources */,
			);
			runOnlyForDeploymentPostprocessing = 0;
		};
/* End PBXResourcesBuildPhase section */

/* Begin PBXShellScriptBuildPhase section */
		8897CFD2617E3AACDD6A26AA /* [CP] Copy Pods Resources */ = {
			isa = PBXShellScriptBuildPhase;
			buildActionMask = 2147483647;
			files = (
			);
			inputPaths = (
			);
			name = "[CP] Copy Pods Resources";
			outputPaths = (
			);
			runOnlyForDeploymentPostprocessing = 0;
			shellPath = /bin/sh;
			shellScript = "\"${SRCROOT}/Pods/Target Support Files/Pods-Baby/Pods-Baby-resources.sh\"\n";
			showEnvVarsInLog = 0;
		};
		920441A1C0D9230E4F158598 /* [CP] Embed Pods Frameworks */ = {
			isa = PBXShellScriptBuildPhase;
			buildActionMask = 2147483647;
			files = (
			);
			inputPaths = (
			);
			name = "[CP] Embed Pods Frameworks";
			outputPaths = (
			);
			runOnlyForDeploymentPostprocessing = 0;
			shellPath = /bin/sh;
			shellScript = "\"${SRCROOT}/Pods/Target Support Files/Pods-Baby/Pods-Baby-frameworks.sh\"\n";
			showEnvVarsInLog = 0;
		};
		FD8CBE7C527927868BA40C3D /* [CP] Check Pods Manifest.lock */ = {
			isa = PBXShellScriptBuildPhase;
			buildActionMask = 2147483647;
			files = (
			);
			inputPaths = (
			);
			name = "[CP] Check Pods Manifest.lock";
			outputPaths = (
			);
			runOnlyForDeploymentPostprocessing = 0;
			shellPath = /bin/sh;
			shellScript = "diff \"${PODS_ROOT}/../Podfile.lock\" \"${PODS_ROOT}/Manifest.lock\" > /dev/null\nif [ $? != 0 ] ; then\n    # print error to STDERR\n    echo \"error: The sandbox is not in sync with the Podfile.lock. Run 'pod install' or update your CocoaPods installation.\" >&2\n    exit 1\nfi\n";
			showEnvVarsInLog = 0;
		};
/* End PBXShellScriptBuildPhase section */

/* Begin PBXSourcesBuildPhase section */
		2AF86E4A1E2F36D100A8EB0C /* Sources */ = {
			isa = PBXSourcesBuildPhase;
			buildActionMask = 2147483647;
			files = (
				2A3E6D3B1E35D3F2008F423A /* HomeResponse.swift in Sources */,
				2AF86E521E2F36D100A8EB0C /* AppDelegate.swift in Sources */,
				2A4756CC1E2F512500B59D39 /* GoodDriverViewController.swift in Sources */,
				2AE7DD461E48096C003D278F /* DiscountCalculatorViewController.swift in Sources */,
				2AF86E641E2F37B300A8EB0C /* MainViewController.swift in Sources */,
				2A992A961E359EF00094C46B /* ZYCoreUtils.swift in Sources */,
				2A51608D1E455FF40093249F /* BaseViewController.swift in Sources */,
				2A3E6D3E1E3716A7008F423A /* HomeBannerViewCollectionReusableView.swift in Sources */,
				2A992A8C1E348E170094C46B /* HomeCollectionViewCell.swift in Sources */,
				2A7A61AB1E388CBB00E658F2 /* AttertationViewController.swift in Sources */,
				2A4756CE1E2F513400B59D39 /* MyViewController.swift in Sources */,
				2A4756DB1E30998300B59D39 /* ZYConstants.swift in Sources */,
				2AE7DD4A1E4856CE003D278F /* DiscountCalculatorTableViewCell.swift in Sources */,
				2A4756CA1E2F507500B59D39 /* HomeViewController.swift in Sources */,
			);
			runOnlyForDeploymentPostprocessing = 0;
		};
/* End PBXSourcesBuildPhase section */

/* Begin PBXVariantGroup section */
		2AF86E5A1E2F36D100A8EB0C /* LaunchScreen.storyboard */ = {
			isa = PBXVariantGroup;
			children = (
				2AF86E5B1E2F36D100A8EB0C /* Base */,
			);
			name = LaunchScreen.storyboard;
			sourceTree = "<group>";
		};
/* End PBXVariantGroup section */

/* Begin XCBuildConfiguration section */
		2AF86E5E1E2F36D100A8EB0C /* Debug */ = {
			isa = XCBuildConfiguration;
			buildSettings = {
				ALWAYS_SEARCH_USER_PATHS = NO;
				CLANG_ANALYZER_NONNULL = YES;
				CLANG_CXX_LANGUAGE_STANDARD = "gnu++0x";
				CLANG_CXX_LIBRARY = "libc++";
				CLANG_ENABLE_MODULES = YES;
				CLANG_ENABLE_OBJC_ARC = YES;
				CLANG_WARN_BOOL_CONVERSION = YES;
				CLANG_WARN_CONSTANT_CONVERSION = YES;
				CLANG_WARN_DIRECT_OBJC_ISA_USAGE = YES_ERROR;
				CLANG_WARN_DOCUMENTATION_COMMENTS = YES;
				CLANG_WARN_EMPTY_BODY = YES;
				CLANG_WARN_ENUM_CONVERSION = YES;
				CLANG_WARN_INFINITE_RECURSION = YES;
				CLANG_WARN_INT_CONVERSION = YES;
				CLANG_WARN_OBJC_ROOT_CLASS = YES_ERROR;
				CLANG_WARN_SUSPICIOUS_MOVES = YES;
				CLANG_WARN_UNREACHABLE_CODE = YES;
				CLANG_WARN__DUPLICATE_METHOD_MATCH = YES;
				"CODE_SIGN_IDENTITY[sdk=iphoneos*]" = "iPhone Developer";
				COPY_PHASE_STRIP = NO;
				DEBUG_INFORMATION_FORMAT = dwarf;
				ENABLE_STRICT_OBJC_MSGSEND = YES;
				ENABLE_TESTABILITY = YES;
				GCC_C_LANGUAGE_STANDARD = gnu99;
				GCC_DYNAMIC_NO_PIC = NO;
				GCC_NO_COMMON_BLOCKS = YES;
				GCC_OPTIMIZATION_LEVEL = 0;
				GCC_PREPROCESSOR_DEFINITIONS = (
					"DEBUG=1",
					"$(inherited)",
				);
				GCC_WARN_64_TO_32_BIT_CONVERSION = YES;
				GCC_WARN_ABOUT_RETURN_TYPE = YES_ERROR;
				GCC_WARN_UNDECLARED_SELECTOR = YES;
				GCC_WARN_UNINITIALIZED_AUTOS = YES_AGGRESSIVE;
				GCC_WARN_UNUSED_FUNCTION = YES;
				GCC_WARN_UNUSED_VARIABLE = YES;
				IPHONEOS_DEPLOYMENT_TARGET = 10.1;
				MTL_ENABLE_DEBUG_INFO = YES;
				ONLY_ACTIVE_ARCH = YES;
				SDKROOT = iphoneos;
				SWIFT_ACTIVE_COMPILATION_CONDITIONS = DEBUG;
				SWIFT_OPTIMIZATION_LEVEL = "-Onone";
			};
			name = Debug;
		};
		2AF86E5F1E2F36D100A8EB0C /* Release */ = {
			isa = XCBuildConfiguration;
			buildSettings = {
				ALWAYS_SEARCH_USER_PATHS = NO;
				CLANG_ANALYZER_NONNULL = YES;
				CLANG_CXX_LANGUAGE_STANDARD = "gnu++0x";
				CLANG_CXX_LIBRARY = "libc++";
				CLANG_ENABLE_MODULES = YES;
				CLANG_ENABLE_OBJC_ARC = YES;
				CLANG_WARN_BOOL_CONVERSION = YES;
				CLANG_WARN_CONSTANT_CONVERSION = YES;
				CLANG_WARN_DIRECT_OBJC_ISA_USAGE = YES_ERROR;
				CLANG_WARN_DOCUMENTATION_COMMENTS = YES;
				CLANG_WARN_EMPTY_BODY = YES;
				CLANG_WARN_ENUM_CONVERSION = YES;
				CLANG_WARN_INFINITE_RECURSION = YES;
				CLANG_WARN_INT_CONVERSION = YES;
				CLANG_WARN_OBJC_ROOT_CLASS = YES_ERROR;
				CLANG_WARN_SUSPICIOUS_MOVES = YES;
				CLANG_WARN_UNREACHABLE_CODE = YES;
				CLANG_WARN__DUPLICATE_METHOD_MATCH = YES;
				"CODE_SIGN_IDENTITY[sdk=iphoneos*]" = "iPhone Developer";
				COPY_PHASE_STRIP = NO;
				DEBUG_INFORMATION_FORMAT = "dwarf-with-dsym";
				ENABLE_NS_ASSERTIONS = NO;
				ENABLE_STRICT_OBJC_MSGSEND = YES;
				GCC_C_LANGUAGE_STANDARD = gnu99;
				GCC_NO_COMMON_BLOCKS = YES;
				GCC_WARN_64_TO_32_BIT_CONVERSION = YES;
				GCC_WARN_ABOUT_RETURN_TYPE = YES_ERROR;
				GCC_WARN_UNDECLARED_SELECTOR = YES;
				GCC_WARN_UNINITIALIZED_AUTOS = YES_AGGRESSIVE;
				GCC_WARN_UNUSED_FUNCTION = YES;
				GCC_WARN_UNUSED_VARIABLE = YES;
				IPHONEOS_DEPLOYMENT_TARGET = 10.1;
				MTL_ENABLE_DEBUG_INFO = NO;
				SDKROOT = iphoneos;
				SWIFT_OPTIMIZATION_LEVEL = "-Owholemodule";
				VALIDATE_PRODUCT = YES;
			};
			name = Release;
		};
		2AF86E611E2F36D100A8EB0C /* Debug */ = {
			isa = XCBuildConfiguration;
			baseConfigurationReference = 2FE830845316454A4D71BD67 /* Pods-Baby.debug.xcconfig */;
			buildSettings = {
				ASSETCATALOG_COMPILER_APPICON_NAME = AppIcon;
				CLANG_ENABLE_MODULES = YES;
				DEVELOPMENT_TEAM = 59CT6J5PF6;
				INFOPLIST_FILE = Baby/Info.plist;
				LD_RUNPATH_SEARCH_PATHS = "$(inherited) @executable_path/Frameworks";
				PRODUCT_BUNDLE_IDENTIFIER = ZY.Baby;
				PRODUCT_NAME = "$(TARGET_NAME)";
				SWIFT_OBJC_BRIDGING_HEADER = "Baby/Baby-Bridging-Header.h";
				SWIFT_OPTIMIZATION_LEVEL = "-Onone";
				SWIFT_VERSION = 3.0;
			};
			name = Debug;
		};
		2AF86E621E2F36D100A8EB0C /* Release */ = {
			isa = XCBuildConfiguration;
			baseConfigurationReference = 1049CA7F40B4F42A4F4EDF65 /* Pods-Baby.release.xcconfig */;
			buildSettings = {
				ASSETCATALOG_COMPILER_APPICON_NAME = AppIcon;
				CLANG_ENABLE_MODULES = YES;
				DEVELOPMENT_TEAM = 59CT6J5PF6;
				INFOPLIST_FILE = Baby/Info.plist;
				LD_RUNPATH_SEARCH_PATHS = "$(inherited) @executable_path/Frameworks";
				PRODUCT_BUNDLE_IDENTIFIER = ZY.Baby;
				PRODUCT_NAME = "$(TARGET_NAME)";
				SWIFT_OBJC_BRIDGING_HEADER = "Baby/Baby-Bridging-Header.h";
				SWIFT_VERSION = 3.0;
			};
			name = Release;
		};
/* End XCBuildConfiguration section */

/* Begin XCConfigurationList section */
		2AF86E491E2F36D100A8EB0C /* Build configuration list for PBXProject "Baby" */ = {
			isa = XCConfigurationList;
			buildConfigurations = (
				2AF86E5E1E2F36D100A8EB0C /* Debug */,
				2AF86E5F1E2F36D100A8EB0C /* Release */,
			);
			defaultConfigurationIsVisible = 0;
			defaultConfigurationName = Release;
		};
		2AF86E601E2F36D100A8EB0C /* Build configuration list for PBXNativeTarget "Baby" */ = {
			isa = XCConfigurationList;
			buildConfigurations = (
				2AF86E611E2F36D100A8EB0C /* Debug */,
				2AF86E621E2F36D100A8EB0C /* Release */,
			);
			defaultConfigurationIsVisible = 0;
			defaultConfigurationName = Release;
		};
/* End XCConfigurationList section */
	};
	rootObject = 2AF86E461E2F36D100A8EB0C /* Project object */;
}
